
Microsoft Visual Studio Solution File, Format Version 12.00
# Visual Studio 15
VisualStudioVersion = 15.0.27004.2002
MinimumVisualStudioVersion = 10.0.40219.1
Project("{FAE04EC0-301F-11D3-BF4B-00C04F79EFBC}") = "ACBr.Net.Core", "ACBr.Net.Core\ACBr.Net.Core.csproj", "{3320CA18-154B-43AB-8901-7CC1A311198B}"
EndProject
Project("{FAE04EC0-301F-11D3-BF4B-00C04F79EFBC}") = "ACBr.Net.Core.Tests", "ACBr.Net.Core.Tests\ACBr.Net.Core.Tests.csproj", "{A35461FC-922B-48CC-A322-29CBBDD248D5}"
EndProject
Project("{D954291E-2A0B-460D-934E-DC6B0785DB48}") = "ACBr.Net.Core.Shared", "ACBr.Net.Core.Shared\ACBr.Net.Core.Shared.shproj", "{8636FA3F-ADA1-4D94-BC1B-5976F2614DB4}"
EndProject
Project("{2150E333-8FDC-42A3-9474-1A3956D46DE8}") = "Shared", "Shared", "{9614FF73-7014-47C1-8ECA-1C6ED08BE514}"
	ProjectSection(SolutionItems) = preProject
		Shared\ACBr.Net.AssemblyInfo.cs = Shared\ACBr.Net.AssemblyInfo.cs
	EndProjectSection
EndProject
Project("{9A19103F-16F7-4668-BE54-9A1E7A4F7556}") = "ACBr.Net.Core.Standard", "ACBr.Net.Core.Standard\ACBr.Net.Core.Standard.csproj", "{D756BAE0-DD93-4F36-BB67-FA833D47D666}"
EndProject
Project("{2150E333-8FDC-42A3-9474-1A3956D46DE8}") = "Libs", "Libs", "{2406FC92-76AC-4078-989E-C6C5B4DFC92F}"
EndProject
Global
	GlobalSection(SharedMSBuildProjectFiles) = preSolution
		ACBr.Net.Core.Shared\ACBr.Net.Core.Shared.projitems*{3320ca18-154b-43ab-8901-7cc1a311198b}*SharedItemsImports = 4
		ACBr.Net.Core.Shared\ACBr.Net.Core.Shared.projitems*{8636fa3f-ada1-4d94-bc1b-5976f2614db4}*SharedItemsImports = 13
	EndGlobalSection
	GlobalSection(SolutionConfigurationPlatforms) = preSolution
		Debug|Any CPU = Debug|Any CPU
		Release|Any CPU = Release|Any CPU
	EndGlobalSection
	GlobalSection(ProjectConfigurationPlatforms) = postSolution
		{3320CA18-154B-43AB-8901-7CC1A311198B}.Debug|Any CPU.ActiveCfg = Debug|Any CPU
		{3320CA18-154B-43AB-8901-7CC1A311198B}.Debug|Any CPU.Build.0 = Debug|Any CPU
		{3320CA18-154B-43AB-8901-7CC1A311198B}.Release|Any CPU.ActiveCfg = Release|Any CPU
		{3320CA18-154B-43AB-8901-7CC1A311198B}.Release|Any CPU.Build.0 = Release|Any CPU
		{A35461FC-922B-48CC-A322-29CBBDD248D5}.Debug|Any CPU.ActiveCfg = Debug|Any CPU
		{A35461FC-922B-48CC-A322-29CBBDD248D5}.Debug|Any CPU.Build.0 = Debug|Any CPU
		{A35461FC-922B-48CC-A322-29CBBDD248D5}.Release|Any CPU.ActiveCfg = Release|Any CPU
		{A35461FC-922B-48CC-A322-29CBBDD248D5}.Release|Any CPU.Build.0 = Release|Any CPU
		{D756BAE0-DD93-4F36-BB67-FA833D47D666}.Debug|Any CPU.ActiveCfg = Debug|Any CPU
		{D756BAE0-DD93-4F36-BB67-FA833D47D666}.Debug|Any CPU.Build.0 = Debug|Any CPU
		{D756BAE0-DD93-4F36-BB67-FA833D47D666}.Release|Any CPU.ActiveCfg = Release|Any CPU
		{D756BAE0-DD93-4F36-BB67-FA833D47D666}.Release|Any CPU.Build.0 = Release|Any CPU
	EndGlobalSection
	GlobalSection(SolutionProperties) = preSolution
		HideSolutionNode = FALSE
	EndGlobalSection
	GlobalSection(NestedProjects) = preSolution
		{3320CA18-154B-43AB-8901-7CC1A311198B} = {2406FC92-76AC-4078-989E-C6C5B4DFC92F}
		{8636FA3F-ADA1-4D94-BC1B-5976F2614DB4} = {9614FF73-7014-47C1-8ECA-1C6ED08BE514}
		{D756BAE0-DD93-4F36-BB67-FA833D47D666} = {2406FC92-76AC-4078-989E-C6C5B4DFC92F}
	EndGlobalSection
	GlobalSection(ExtensibilityGlobals) = postSolution
		SolutionGuid = {D8B3C925-EAE3-428B-9997-140B5602E426}
	EndGlobalSection
EndGlobal
