
Microsoft Visual Studio Solution File, Format Version 12.00
# Visual Studio 14
VisualStudioVersion = 14.0.24720.0
MinimumVisualStudioVersion = 10.0.40219.1
Project("{FAE04EC0-301F-11D3-BF4B-00C04F79EFBC}") = "ACBr.Net.Core", "ACBr.Net.Core\ACBr.Net.Core.csproj", "{3320CA18-154B-43AB-8901-7CC1A311198B}"
EndProject
Project("{FAE04EC0-301F-11D3-BF4B-00C04F79EFBC}") = "ACBr.Net.Core.Tests", "ACBr.Net.Core.Tests\ACBr.Net.Core.Tests.csproj", "{A35461FC-922B-48CC-A322-29CBBDD248D5}"
EndProject
Global
	GlobalSection(SolutionConfigurationPlatforms) = preSolution
		COM Interop|Any CPU = COM Interop|Any CPU
		Debug|Any CPU = Debug|Any CPU
		Release|Any CPU = Release|Any CPU
	EndGlobalSection
	GlobalSection(ProjectConfigurationPlatforms) = postSolution
		{3320CA18-154B-43AB-8901-7CC1A311198B}.COM Interop|Any CPU.ActiveCfg = COM Interop|Any CPU
		{3320CA18-154B-43AB-8901-7CC1A311198B}.COM Interop|Any CPU.Build.0 = COM Interop|Any CPU
		{3320CA18-154B-43AB-8901-7CC1A311198B}.Debug|Any CPU.ActiveCfg = Debug|Any CPU
		{3320CA18-154B-43AB-8901-7CC1A311198B}.Debug|Any CPU.Build.0 = Debug|Any CPU
		{3320CA18-154B-43AB-8901-7CC1A311198B}.Release|Any CPU.ActiveCfg = Release|Any CPU
		{3320CA18-154B-43AB-8901-7CC1A311198B}.Release|Any CPU.Build.0 = Release|Any CPU
		{A35461FC-922B-48CC-A322-29CBBDD248D5}.COM Interop|Any CPU.ActiveCfg = COM Interop|Any CPU
		{A35461FC-922B-48CC-A322-29CBBDD248D5}.COM Interop|Any CPU.Build.0 = COM Interop|Any CPU
		{A35461FC-922B-48CC-A322-29CBBDD248D5}.Debug|Any CPU.ActiveCfg = Debug|Any CPU
		{A35461FC-922B-48CC-A322-29CBBDD248D5}.Debug|Any CPU.Build.0 = Debug|Any CPU
		{A35461FC-922B-48CC-A322-29CBBDD248D5}.Release|Any CPU.ActiveCfg = Release|Any CPU
		{A35461FC-922B-48CC-A322-29CBBDD248D5}.Release|Any CPU.Build.0 = Release|Any CPU
	EndGlobalSection
	GlobalSection(SolutionProperties) = preSolution
		HideSolutionNode = FALSE
	EndGlobalSection
EndGlobal
